// !$*UTF8*$!
{
	archiveVersion = 1;
	classes = {
	};
	objectVersion = 50;
	objects = {

/* Begin PBXBuildFile section */
		53747F00237A0F8D00D403A2 /* AppDelegate.m in Sources */ = {isa = PBXBuildFile; fileRef = 53747EFF237A0F8D00D403A2 /* AppDelegate.m */; };
		53747F03237A0F8D00D403A2 /* Document.m in Sources */ = {isa = PBXBuildFile; fileRef = 53747F02237A0F8D00D403A2 /* Document.m */; };
		53747F06237A0F8D00D403A2 /* Document.xib in Resources */ = {isa = PBXBuildFile; fileRef = 53747F04237A0F8D00D403A2 /* Document.xib */; };
		53747F08237A0F9000D403A2 /* Assets.xcassets in Resources */ = {isa = PBXBuildFile; fileRef = 53747F07237A0F9000D403A2 /* Assets.xcassets */; };
		53747F0B237A0F9000D403A2 /* MainMenu.xib in Resources */ = {isa = PBXBuildFile; fileRef = 53747F09237A0F9000D403A2 /* MainMenu.xib */; };
		53747F0E237A0F9000D403A2 /* main.m in Sources */ = {isa = PBXBuildFile; fileRef = 53747F0D237A0F9000D403A2 /* main.m */; };
/* End PBXBuildFile section */

/* Begin PBXFileReference section */
		53747EFB237A0F8D00D403A2 /* BaseUI.app */ = {isa = PBXFileReference; explicitFileType = wrapper.application; includeInIndex = 0; path = BaseUI.app; sourceTree = BUILT_PRODUCTS_DIR; };
		53747EFE237A0F8D00D403A2 /* AppDelegate.h */ = {isa = PBXFileReference; lastKnownFileType = sourcecode.c.h; path = AppDelegate.h; sourceTree = "<group>"; };
		53747EFF237A0F8D00D403A2 /* AppDelegate.m */ = {isa = PBXFileReference; lastKnownFileType = sourcecode.c.objc; path = AppDelegate.m; sourceTree = "<group>"; };
		53747F01237A0F8D00D403A2 /* Document.h */ = {isa = PBXFileReference; lastKnownFileType = sourcecode.c.h; path = Document.h; sourceTree = "<group>"; };
		53747F02237A0F8D00D403A2 /* Document.m */ = {isa = PBXFileReference; lastKnownFileType = sourcecode.c.objc; path = Document.m; sourceTree = "<group>"; };
		53747F05237A0F8D00D403A2 /* Base */ = {isa = PBXFileReference; lastKnownFileType = file.xib; name = Base; path = Base.lproj/Document.xib; sourceTree = "<group>"; };
		53747F07237A0F9000D403A2 /* Assets.xcassets */ = {isa = PBXFileReference; lastKnownFileType = folder.assetcatalog; path = Assets.xcassets; sourceTree = "<group>"; };
		53747F0A237A0F9000D403A2 /* Base */ = {isa = PBXFileReference; lastKnownFileType = file.xib; name = Base; path = Base.lproj/MainMenu.xib; sourceTree = "<group>"; };
		53747F0C237A0F9000D403A2 /* Info.plist */ = {isa = PBXFileReference; lastKnownFileType = text.plist.xml; path = Info.plist; sourceTree = "<group>"; };
		53747F0D237A0F9000D403A2 /* main.m */ = {isa = PBXFileReference; lastKnownFileType = sourcecode.c.objc; path = main.m; sourceTree = "<group>"; };
		53747F0F237A0F9000D403A2 /* BaseUI.entitlements */ = {isa = PBXFileReference; lastKnownFileType = text.plist.entitlements; path = BaseUI.entitlements; sourceTree = "<group>"; };
/* End PBXFileReference section */

/* Begin PBXFrameworksBuildPhase section */
		53747EF8237A0F8D00D403A2 /* Frameworks */ = {
			isa = PBXFrameworksBuildPhase;
			buildActionMask = 2147483647;
			files = (
			);
			runOnlyForDeploymentPostprocessing = 0;
		};
/* End PBXFrameworksBuildPhase section */

/* Begin PBXGroup section */
		53747EF2237A0F8D00D403A2 = {
			isa = PBXGroup;
			children = (
				53747EFD237A0F8D00D403A2 /* BaseUI */,
				53747EFC237A0F8D00D403A2 /* Products */,
			);
			sourceTree = "<group>";
		};
		53747EFC237A0F8D00D403A2 /* Products */ = {
			isa = PBXGroup;
			children = (
				53747EFB237A0F8D00D403A2 /* BaseUI.app */,
			);
			name = Products;
			sourceTree = "<group>";
		};
		53747EFD237A0F8D00D403A2 /* BaseUI */ = {
			isa = PBXGroup;
			children = (
				53747EFE237A0F8D00D403A2 /* AppDelegate.h */,
				53747EFF237A0F8D00D403A2 /* AppDelegate.m */,
				53747F01237A0F8D00D403A2 /* Document.h */,
				53747F02237A0F8D00D403A2 /* Document.m */,
				53747F04237A0F8D00D403A2 /* Document.xib */,
				53747F07237A0F9000D403A2 /* Assets.xcassets */,
				53747F09237A0F9000D403A2 /* MainMenu.xib */,
				53747F0C237A0F9000D403A2 /* Info.plist */,
				53747F0D237A0F9000D403A2 /* main.m */,
				53747F0F237A0F9000D403A2 /* BaseUI.entitlements */,
			);
			path = BaseUI;
			sourceTree = "<group>";
		};
/* End PBXGroup section */

/* Begin PBXNativeTarget section */
		53747EFA237A0F8D00D403A2 /* BaseUI */ = {
			isa = PBXNativeTarget;
			buildConfigurationList = 53747F12237A0F9000D403A2 /* Build configuration list for PBXNativeTarget "BaseUI" */;
			buildPhases = (
				53747EF7237A0F8D00D403A2 /* Sources */,
				53747EF8237A0F8D00D403A2 /* Frameworks */,
				53747EF9237A0F8D00D403A2 /* Resources */,
			);
			buildRules = (
			);
			dependencies = (
			);
			name = BaseUI;
			productName = BaseUI;
			productReference = 53747EFB237A0F8D00D403A2 /* BaseUI.app */;
			productType = "com.apple.product-type.application";
		};
/* End PBXNativeTarget section */

/* Begin PBXProject section */
		53747EF3237A0F8D00D403A2 /* Project object */ = {
			isa = PBXProject;
			attributes = {
				LastUpgradeCheck = 1110;
				ORGANIZATIONNAME = none;
				TargetAttributes = {
					53747EFA237A0F8D00D403A2 = {
						CreatedOnToolsVersion = 11.1;
					};
				};
			};
			buildConfigurationList = 53747EF6237A0F8D00D403A2 /* Build configuration list for PBXProject "BaseUI" */;
			compatibilityVersion = "Xcode 9.3";
			developmentRegion = en;
			hasScannedForEncodings = 0;
			knownRegions = (
				en,
				Base,
			);
			mainGroup = 53747EF2237A0F8D00D403A2;
			productRefGroup = 53747EFC237A0F8D00D403A2 /* Products */;
			projectDirPath = "";
			projectRoot = "";
			targets = (
				53747EFA237A0F8D00D403A2 /* BaseUI */,
			);
		};
/* End PBXProject section */

/* Begin PBXResourcesBuildPhase section */
		53747EF9237A0F8D00D403A2 /* Resources */ = {
			isa = PBXResourcesBuildPhase;
			buildActionMask = 2147483647;
			files = (
				53747F08237A0F9000D403A2 /* Assets.xcassets in Resources */,
				53747F06237A0F8D00D403A2 /* Document.xib in Resources */,
				53747F0B237A0F9000D403A2 /* MainMenu.xib in Resources */,
			);
			runOnlyForDeploymentPostprocessing = 0;
		};
/* End PBXResourcesBuildPhase section */

/* Begin PBXSourcesBuildPhase section */
		53747EF7237A0F8D00D403A2 /* Sources */ = {
			isa = PBXSourcesBuildPhase;
			buildActionMask = 2147483647;
			files = (
				53747F03237A0F8D00D403A2 /* Document.m in Sources */,
				53747F0E237A0F9000D403A2 /* main.m in Sources */,
				53747F00237A0F8D00D403A2 /* AppDelegate.m in Sources */,
			);
			runOnlyForDeploymentPostprocessing = 0;
		};
/* End PBXSourcesBuildPhase section */

/* Begin PBXVariantGroup section */
		53747F04237A0F8D00D403A2 /* Document.xib */ = {
			isa = PBXVariantGroup;
			children = (
				53747F05237A0F8D00D403A2 /* Base */,
			);
			name = Document.xib;
			sourceTree = "<group>";
		};
		53747F09237A0F9000D403A2 /* MainMenu.xib */ = {
			isa = PBXVariantGroup;
			children = (
				53747F0A237A0F9000D403A2 /* Base */,
			);
			name = MainMenu.xib;
			sourceTree = "<group>";
		};
/* End PBXVariantGroup section */

/* Begin XCBuildConfiguration section */
		53747F10237A0F9000D403A2 /* Debug */ = {
			isa = XCBuildConfiguration;
			buildSettings = {
				ALWAYS_SEARCH_USER_PATHS = NO;
				CLANG_ANALYZER_NONNULL = YES;
				CLANG_ANALYZER_NUMBER_OBJECT_CONVERSION = YES_AGGRESSIVE;
				CLANG_CXX_LANGUAGE_STANDARD = "gnu++14";
				CLANG_CXX_LIBRARY = "libc++";
				CLANG_ENABLE_MODULES = YES;
				CLANG_ENABLE_OBJC_ARC = YES;
				CLANG_ENABLE_OBJC_WEAK = YES;
				CLANG_WARN_BLOCK_CAPTURE_AUTORELEASING = YES;
				CLANG_WARN_BOOL_CONVERSION = YES;
				CLANG_WARN_COMMA = YES;
				CLANG_WARN_CONSTANT_CONVERSION = YES;
				CLANG_WARN_DEPRECATED_OBJC_IMPLEMENTATIONS = YES;
				CLANG_WARN_DIRECT_OBJC_ISA_USAGE = YES_ERROR;
				CLANG_WARN_DOCUMENTATION_COMMENTS = YES;
				CLANG_WARN_EMPTY_BODY = YES;
				CLANG_WARN_ENUM_CONVERSION = YES;
				CLANG_WARN_INFINITE_RECURSION = YES;
				CLANG_WARN_INT_CONVERSION = YES;
				CLANG_WARN_NON_LITERAL_NULL_CONVERSION = YES;
				CLANG_WARN_OBJC_IMPLICIT_RETAIN_SELF = YES;
				CLANG_WARN_OBJC_LITERAL_CONVERSION = YES;
				CLANG_WARN_OBJC_ROOT_CLASS = YES_ERROR;
				CLANG_WARN_RANGE_LOOP_ANALYSIS = YES;
				CLANG_WARN_STRICT_PROTOTYPES = YES;
				CLANG_WARN_SUSPICIOUS_MOVE = YES;
				CLANG_WARN_UNGUARDED_AVAILABILITY = YES_AGGRESSIVE;
				CLANG_WARN_UNREACHABLE_CODE = YES;
				CLANG_WARN__DUPLICATE_METHOD_MATCH = YES;
				COPY_PHASE_STRIP = NO;
				DEBUG_INFORMATION_FORMAT = dwarf;
				ENABLE_STRICT_OBJC_MSGSEND = YES;
				ENABLE_TESTABILITY = YES;
				GCC_C_LANGUAGE_STANDARD = gnu11;
				GCC_DYNAMIC_NO_PIC = NO;
				GCC_NO_COMMON_BLOCKS = YES;
				GCC_OPTIMIZATION_LEVEL = 0;
				GCC_PREPROCESSOR_DEFINITIONS = (
					"DEBUG=1",
					"$(inherited)",
				);
				GCC_WARN_64_TO_32_BIT_CONVERSION = YES;
				GCC_WARN_ABOUT_RETURN_TYPE = YES_ERROR;
				GCC_WARN_UNDECLARED_SELECTOR = YES;
				GCC_WARN_UNINITIALIZED_AUTOS = YES_AGGRESSIVE;
				GCC_WARN_UNUSED_FUNCTION = YES;
				GCC_WARN_UNUSED_VARIABLE = YES;
				MACOSX_DEPLOYMENT_TARGET = 10.15;
				MTL_ENABLE_DEBUG_INFO = INCLUDE_SOURCE;
				MTL_FAST_MATH = YES;
				ONLY_ACTIVE_ARCH = YES;
				SDKROOT = macosx;
			};
			name = Debug;
		};
		53747F11237A0F9000D403A2 /* Release */ = {
			isa = XCBuildConfiguration;
			buildSettings = {
				ALWAYS_SEARCH_USER_PATHS = NO;
				CLANG_ANALYZER_NONNULL = YES;
				CLANG_ANALYZER_NUMBER_OBJECT_CONVERSION = YES_AGGRESSIVE;
				CLANG_CXX_LANGUAGE_STANDARD = "gnu++14";
				CLANG_CXX_LIBRARY = "libc++";
				CLANG_ENABLE_MODULES = YES;
				CLANG_ENABLE_OBJC_ARC = YES;
				CLANG_ENABLE_OBJC_WEAK = YES;
				CLANG_WARN_BLOCK_CAPTURE_AUTORELEASING = YES;
				CLANG_WARN_BOOL_CONVERSION = YES;
				CLANG_WARN_COMMA = YES;
				CLANG_WARN_CONSTANT_CONVERSION = YES;
				CLANG_WARN_DEPRECATED_OBJC_IMPLEMENTATIONS = YES;
				CLANG_WARN_DIRECT_OBJC_ISA_USAGE = YES_ERROR;
				CLANG_WARN_DOCUMENTATION_COMMENTS = YES;
				CLANG_WARN_EMPTY_BODY = YES;
				CLANG_WARN_ENUM_CONVERSION = YES;
				CLANG_WARN_INFINITE_RECURSION = YES;
				CLANG_WARN_INT_CONVERSION = YES;
				CLANG_WARN_NON_LITERAL_NULL_CONVERSION = YES;
				CLANG_WARN_OBJC_IMPLICIT_RETAIN_SELF = YES;
				CLANG_WARN_OBJC_LITERAL_CONVERSION = YES;
				CLANG_WARN_OBJC_ROOT_CLASS = YES_ERROR;
				CLANG_WARN_RANGE_LOOP_ANALYSIS = YES;
				CLANG_WARN_STRICT_PROTOTYPES = YES;
				CLANG_WARN_SUSPICIOUS_MOVE = YES;
				CLANG_WARN_UNGUARDED_AVAILABILITY = YES_AGGRESSIVE;
				CLANG_WARN_UNREACHABLE_CODE = YES;
				CLANG_WARN__DUPLICATE_METHOD_MATCH = YES;
				COPY_PHASE_STRIP = NO;
				DEBUG_INFORMATION_FORMAT = "dwarf-with-dsym";
				ENABLE_NS_ASSERTIONS = NO;
				ENABLE_STRICT_OBJC_MSGSEND = YES;
				GCC_C_LANGUAGE_STANDARD = gnu11;
				GCC_NO_COMMON_BLOCKS = YES;
				GCC_WARN_64_TO_32_BIT_CONVERSION = YES;
				GCC_WARN_ABOUT_RETURN_TYPE = YES_ERROR;
				GCC_WARN_UNDECLARED_SELECTOR = YES;
				GCC_WARN_UNINITIALIZED_AUTOS = YES_AGGRESSIVE;
				GCC_WARN_UNUSED_FUNCTION = YES;
				GCC_WARN_UNUSED_VARIABLE = YES;
				MACOSX_DEPLOYMENT_TARGET = 10.15;
				MTL_ENABLE_DEBUG_INFO = NO;
				MTL_FAST_MATH = YES;
				SDKROOT = macosx;
			};
			name = Release;
		};
		53747F13237A0F9000D403A2 /* Debug */ = {
			isa = XCBuildConfiguration;
			buildSettings = {
				ASSETCATALOG_COMPILER_APPICON_NAME = AppIcon;
				CODE_SIGN_ENTITLEMENTS = BaseUI/BaseUI.entitlements;
				CODE_SIGN_STYLE = Automatic;
				COMBINE_HIDPI_IMAGES = YES;
				INFOPLIST_FILE = BaseUI/Info.plist;
				LD_RUNPATH_SEARCH_PATHS = (
					"$(inherited)",
					"@executable_path/../Frameworks",
				);
				PRODUCT_BUNDLE_IDENTIFIER = none.BaseUI;
				PRODUCT_NAME = "$(TARGET_NAME)";
			};
			name = Debug;
		};
		53747F14237A0F9000D403A2 /* Release */ = {
			isa = XCBuildConfiguration;
			buildSettings = {
				ASSETCATALOG_COMPILER_APPICON_NAME = AppIcon;
				CODE_SIGN_ENTITLEMENTS = BaseUI/BaseUI.entitlements;
				CODE_SIGN_STYLE = Automatic;
				COMBINE_HIDPI_IMAGES = YES;
				INFOPLIST_FILE = BaseUI/Info.plist;
				LD_RUNPATH_SEARCH_PATHS = (
					"$(inherited)",
					"@executable_path/../Frameworks",
				);
				PRODUCT_BUNDLE_IDENTIFIER = none.BaseUI;
				PRODUCT_NAME = "$(TARGET_NAME)";
			};
			name = Release;
		};
/* End XCBuildConfiguration section */

/* Begin XCConfigurationList section */
		53747EF6237A0F8D00D403A2 /* Build configuration list for PBXProject "BaseUI" */ = {
			isa = XCConfigurationList;
			buildConfigurations = (
				53747F10237A0F9000D403A2 /* Debug */,
				53747F11237A0F9000D403A2 /* Release */,
			);
			defaultConfigurationIsVisible = 0;
			defaultConfigurationName = Release;
		};
		53747F12237A0F9000D403A2 /* Build configuration list for PBXNativeTarget "BaseUI" */ = {
			isa = XCConfigurationList;
			buildConfigurations = (
				53747F13237A0F9000D403A2 /* Debug */,
				53747F14237A0F9000D403A2 /* Release */,
			);
			defaultConfigurationIsVisible = 0;
			defaultConfigurationName = Release;
		};
/* End XCConfigurationList section */
	};
	rootObject = 53747EF3237A0F8D00D403A2 /* Project object */;
}
